
Microsoft Visual Studio Solution File, Format Version 12.00
# Visual Studio Version 17
VisualStudioVersion = 17.3.32825.248
MinimumVisualStudioVersion = 10.0.40219.1
Project("{FAE04EC0-301F-11D3-BF4B-00C04F79EFBC}") = "Prakticheskaya2_Programmki", "Prakticheskaya2_Programmki\Prakticheskaya2_Programmki.csproj", "{EBA466DA-7CEF-42D8-86BE-A4B4232B3171}"
EndProject
Global
	GlobalSection(SolutionConfigurationPlatforms) = preSolution
		Debug|Any CPU = Debug|Any CPU
		Release|Any CPU = Release|Any CPU
	EndGlobalSection
	GlobalSection(ProjectConfigurationPlatforms) = postSolution
		{EBA466DA-7CEF-42D8-86BE-A4B4232B3171}.Debug|Any CPU.ActiveCfg = Debug|Any CPU
		{EBA466DA-7CEF-42D8-86BE-A4B4232B3171}.Debug|Any CPU.Build.0 = Debug|Any CPU
		{EBA466DA-7CEF-42D8-86BE-A4B4232B3171}.Release|Any CPU.ActiveCfg = Release|Any CPU
		{EBA466DA-7CEF-42D8-86BE-A4B4232B3171}.Release|Any CPU.Build.0 = Release|Any CPU
	EndGlobalSection
	GlobalSection(SolutionProperties) = preSolution
		HideSolutionNode = FALSE
	EndGlobalSection
	GlobalSection(ExtensibilityGlobals) = postSolution
		SolutionGuid = {BD0EF609-9540-450C-8556-2C5025E5DD87}
	EndGlobalSection
EndGlobal
